
Microsoft Visual Studio Solution File, Format Version 12.00
# Visual Studio 15
VisualStudioVersion = 15.0.26430.12
MinimumVisualStudioVersion = 10.0.40219.1
Project("{FAE04EC0-301F-11D3-BF4B-00C04F79EFBC}") = "TestResource", "TestResource\TestResource.csproj", "{667FA823-39BE-403A-A0FB-BCEC102A1446}"
EndProject
Project("{FAE04EC0-301F-11D3-BF4B-00C04F79EFBC}") = "mySQLDatabase", "mySQLDatabase\mySQLDatabase.csproj", "{19639262-3257-4100-BB9A-6CCE93536DD2}"
EndProject
Project("{FAE04EC0-301F-11D3-BF4B-00C04F79EFBC}") = "UserConnection", "UserConnection\UserConnection.csproj", "{D4B7E161-40FF-4CD1-8DC7-66DD52D6AF59}"
EndProject
Project("{FAE04EC0-301F-11D3-BF4B-00C04F79EFBC}") = "PlayerUI", "PlayerUI\PlayerUI.csproj", "{980C61CD-7C08-4CA6-B55E-2DD47C027E49}"
EndProject
Project("{FAE04EC0-301F-11D3-BF4B-00C04F79EFBC}") = "MoneyAPI", "MoneyAPI\MoneyAPI.csproj", "{E2372519-54BD-4940-AFEC-409083629653}"
EndProject
Project("{FAE04EC0-301F-11D3-BF4B-00C04F79EFBC}") = "SkinSelector", "SkinChooser\SkinSelector.csproj", "{182149F2-E0CE-48DD-9CD1-0375C87EE896}"
EndProject
Global
	GlobalSection(SolutionConfigurationPlatforms) = preSolution
		Debug|Any CPU = Debug|Any CPU
		Release|Any CPU = Release|Any CPU
	EndGlobalSection
	GlobalSection(ProjectConfigurationPlatforms) = postSolution
		{667FA823-39BE-403A-A0FB-BCEC102A1446}.Debug|Any CPU.ActiveCfg = Debug|Any CPU
		{667FA823-39BE-403A-A0FB-BCEC102A1446}.Debug|Any CPU.Build.0 = Debug|Any CPU
		{667FA823-39BE-403A-A0FB-BCEC102A1446}.Release|Any CPU.ActiveCfg = Release|Any CPU
		{667FA823-39BE-403A-A0FB-BCEC102A1446}.Release|Any CPU.Build.0 = Release|Any CPU
		{19639262-3257-4100-BB9A-6CCE93536DD2}.Debug|Any CPU.ActiveCfg = Debug|Any CPU
		{19639262-3257-4100-BB9A-6CCE93536DD2}.Debug|Any CPU.Build.0 = Debug|Any CPU
		{19639262-3257-4100-BB9A-6CCE93536DD2}.Release|Any CPU.ActiveCfg = Release|Any CPU
		{19639262-3257-4100-BB9A-6CCE93536DD2}.Release|Any CPU.Build.0 = Release|Any CPU
		{D4B7E161-40FF-4CD1-8DC7-66DD52D6AF59}.Debug|Any CPU.ActiveCfg = Debug|Any CPU
		{D4B7E161-40FF-4CD1-8DC7-66DD52D6AF59}.Debug|Any CPU.Build.0 = Debug|Any CPU
		{D4B7E161-40FF-4CD1-8DC7-66DD52D6AF59}.Release|Any CPU.ActiveCfg = Release|Any CPU
		{D4B7E161-40FF-4CD1-8DC7-66DD52D6AF59}.Release|Any CPU.Build.0 = Release|Any CPU
		{980C61CD-7C08-4CA6-B55E-2DD47C027E49}.Debug|Any CPU.ActiveCfg = Debug|Any CPU
		{980C61CD-7C08-4CA6-B55E-2DD47C027E49}.Debug|Any CPU.Build.0 = Debug|Any CPU
		{980C61CD-7C08-4CA6-B55E-2DD47C027E49}.Release|Any CPU.ActiveCfg = Release|Any CPU
		{980C61CD-7C08-4CA6-B55E-2DD47C027E49}.Release|Any CPU.Build.0 = Release|Any CPU
		{E2372519-54BD-4940-AFEC-409083629653}.Debug|Any CPU.ActiveCfg = Debug|Any CPU
		{E2372519-54BD-4940-AFEC-409083629653}.Debug|Any CPU.Build.0 = Debug|Any CPU
		{E2372519-54BD-4940-AFEC-409083629653}.Release|Any CPU.ActiveCfg = Release|Any CPU
		{E2372519-54BD-4940-AFEC-409083629653}.Release|Any CPU.Build.0 = Release|Any CPU
		{182149F2-E0CE-48DD-9CD1-0375C87EE896}.Debug|Any CPU.ActiveCfg = Debug|Any CPU
		{182149F2-E0CE-48DD-9CD1-0375C87EE896}.Debug|Any CPU.Build.0 = Debug|Any CPU
		{182149F2-E0CE-48DD-9CD1-0375C87EE896}.Release|Any CPU.ActiveCfg = Release|Any CPU
		{182149F2-E0CE-48DD-9CD1-0375C87EE896}.Release|Any CPU.Build.0 = Release|Any CPU
	EndGlobalSection
	GlobalSection(SolutionProperties) = preSolution
		HideSolutionNode = FALSE
	EndGlobalSection
EndGlobal
